// !$*UTF8*$!
{
	archiveVersion = 1;
	classes = {
	};
	objectVersion = 56;
	objects = {

/* Begin PBXBuildFile section */
		D41846762A9E207A00DDD87A /* DownloadButton.swift in Sources */ = {isa = PBXBuildFile; fileRef = D41846752A9E207A00DDD87A /* DownloadButton.swift */; };
		D46B1FCE2A9E265E004DB258 /* OrderButton.swift in Sources */ = {isa = PBXBuildFile; fileRef = D46B1FCD2A9E265E004DB258 /* OrderButton.swift */; };
		D486435B2A9F6C2400A052F8 /* Spinner.swift in Sources */ = {isa = PBXBuildFile; fileRef = D486435A2A9F6C2400A052F8 /* Spinner.swift */; };
		D4DE0CC62AA0E456004A6E00 /* AudioPlayer.swift in Sources */ = {isa = PBXBuildFile; fileRef = D4DE0CC52AA0E456004A6E00 /* AudioPlayer.swift */; };
		D4F585DD2A9CDBA800AA3856 /* AnimationApp.swift in Sources */ = {isa = PBXBuildFile; fileRef = D4F585DC2A9CDBA800AA3856 /* AnimationApp.swift */; };
		D4F585DF2A9CDBA800AA3856 /* ContentView.swift in Sources */ = {isa = PBXBuildFile; fileRef = D4F585DE2A9CDBA800AA3856 /* ContentView.swift */; };
		D4F585E12A9CDBA900AA3856 /* Assets.xcassets in Resources */ = {isa = PBXBuildFile; fileRef = D4F585E02A9CDBA900AA3856 /* Assets.xcassets */; };
		D4F585E42A9CDBA900AA3856 /* Preview Assets.xcassets in Resources */ = {isa = PBXBuildFile; fileRef = D4F585E32A9CDBA900AA3856 /* Preview Assets.xcassets */; };
		D4F585EE2A9CDBA900AA3856 /* AnimationTests.swift in Sources */ = {isa = PBXBuildFile; fileRef = D4F585ED2A9CDBA900AA3856 /* AnimationTests.swift */; };
		D4F585F82A9CDBA900AA3856 /* AnimationUITests.swift in Sources */ = {isa = PBXBuildFile; fileRef = D4F585F72A9CDBA900AA3856 /* AnimationUITests.swift */; };
		D4F585FA2A9CDBA900AA3856 /* AnimationUITestsLaunchTests.swift in Sources */ = {isa = PBXBuildFile; fileRef = D4F585F92A9CDBA900AA3856 /* AnimationUITestsLaunchTests.swift */; };
		D4F586132A9CDBE200AA3856 /* UIScreenExtension.swift in Sources */ = {isa = PBXBuildFile; fileRef = D4F586082A9CDBE200AA3856 /* UIScreenExtension.swift */; };
		D4F586142A9CDBE200AA3856 /* AnimationData.swift in Sources */ = {isa = PBXBuildFile; fileRef = D4F586092A9CDBE200AA3856 /* AnimationData.swift */; };
		D4F586152A9CDBE200AA3856 /* CustomToggle.swift in Sources */ = {isa = PBXBuildFile; fileRef = D4F5860A2A9CDBE200AA3856 /* CustomToggle.swift */; };
		D4F586162A9CDBE200AA3856 /* GlobalHelpers.swift in Sources */ = {isa = PBXBuildFile; fileRef = D4F5860B2A9CDBE200AA3856 /* GlobalHelpers.swift */; };
		D4F586172A9CDBE200AA3856 /* String+Additional.swift in Sources */ = {isa = PBXBuildFile; fileRef = D4F5860C2A9CDBE200AA3856 /* String+Additional.swift */; };
		D4F586182A9CDBE200AA3856 /* AnimationCell.swift in Sources */ = {isa = PBXBuildFile; fileRef = D4F5860D2A9CDBE200AA3856 /* AnimationCell.swift */; };
		D4F586192A9CDBE200AA3856 /* AnimationService.swift in Sources */ = {isa = PBXBuildFile; fileRef = D4F5860E2A9CDBE200AA3856 /* AnimationService.swift */; };
		D4F5861A2A9CDBE200AA3856 /* Color+Adittional.swift in Sources */ = {isa = PBXBuildFile; fileRef = D4F5860F2A9CDBE200AA3856 /* Color+Adittional.swift */; };
		D4F5861B2A9CDBE200AA3856 /* AnimationList.swift in Sources */ = {isa = PBXBuildFile; fileRef = D4F586102A9CDBE200AA3856 /* AnimationList.swift */; };
		D4F5861C2A9CDBE200AA3856 /* MockAnimationService.swift in Sources */ = {isa = PBXBuildFile; fileRef = D4F586112A9CDBE200AA3856 /* MockAnimationService.swift */; };
		D4F586202A9CDC2300AA3856 /* ProgressBar.swift in Sources */ = {isa = PBXBuildFile; fileRef = D4F5861F2A9CDC2300AA3856 /* ProgressBar.swift */; };
/* End PBXBuildFile section */

/* Begin PBXContainerItemProxy section */
		D4F585EA2A9CDBA900AA3856 /* PBXContainerItemProxy */ = {
			isa = PBXContainerItemProxy;
			containerPortal = D4F585D12A9CDBA800AA3856 /* Project object */;
			proxyType = 1;
			remoteGlobalIDString = D4F585D82A9CDBA800AA3856;
			remoteInfo = Animation;
		};
		D4F585F42A9CDBA900AA3856 /* PBXContainerItemProxy */ = {
			isa = PBXContainerItemProxy;
			containerPortal = D4F585D12A9CDBA800AA3856 /* Project object */;
			proxyType = 1;
			remoteGlobalIDString = D4F585D82A9CDBA800AA3856;
			remoteInfo = Animation;
		};
/* End PBXContainerItemProxy section */

/* Begin PBXFileReference section */
		D41846752A9E207A00DDD87A /* DownloadButton.swift */ = {isa = PBXFileReference; lastKnownFileType = sourcecode.swift; path = DownloadButton.swift; sourceTree = "<group>"; };
		D46B1FCD2A9E265E004DB258 /* OrderButton.swift */ = {isa = PBXFileReference; lastKnownFileType = sourcecode.swift; path = OrderButton.swift; sourceTree = "<group>"; };
		D486435A2A9F6C2400A052F8 /* Spinner.swift */ = {isa = PBXFileReference; lastKnownFileType = sourcecode.swift; path = Spinner.swift; sourceTree = "<group>"; };
		D4DE0CC52AA0E456004A6E00 /* AudioPlayer.swift */ = {isa = PBXFileReference; lastKnownFileType = sourcecode.swift; path = AudioPlayer.swift; sourceTree = "<group>"; };
		D4F585D92A9CDBA800AA3856 /* Animation.app */ = {isa = PBXFileReference; explicitFileType = wrapper.application; includeInIndex = 0; path = Animation.app; sourceTree = BUILT_PRODUCTS_DIR; };
		D4F585DC2A9CDBA800AA3856 /* AnimationApp.swift */ = {isa = PBXFileReference; lastKnownFileType = sourcecode.swift; path = AnimationApp.swift; sourceTree = "<group>"; };
		D4F585DE2A9CDBA800AA3856 /* ContentView.swift */ = {isa = PBXFileReference; lastKnownFileType = sourcecode.swift; path = ContentView.swift; sourceTree = "<group>"; };
		D4F585E02A9CDBA900AA3856 /* Assets.xcassets */ = {isa = PBXFileReference; lastKnownFileType = folder.assetcatalog; path = Assets.xcassets; sourceTree = "<group>"; };
		D4F585E32A9CDBA900AA3856 /* Preview Assets.xcassets */ = {isa = PBXFileReference; lastKnownFileType = folder.assetcatalog; path = "Preview Assets.xcassets"; sourceTree = "<group>"; };
		D4F585E92A9CDBA900AA3856 /* AnimationTests.xctest */ = {isa = PBXFileReference; explicitFileType = wrapper.cfbundle; includeInIndex = 0; path = AnimationTests.xctest; sourceTree = BUILT_PRODUCTS_DIR; };
		D4F585ED2A9CDBA900AA3856 /* AnimationTests.swift */ = {isa = PBXFileReference; lastKnownFileType = sourcecode.swift; path = AnimationTests.swift; sourceTree = "<group>"; };
		D4F585F32A9CDBA900AA3856 /* AnimationUITests.xctest */ = {isa = PBXFileReference; explicitFileType = wrapper.cfbundle; includeInIndex = 0; path = AnimationUITests.xctest; sourceTree = BUILT_PRODUCTS_DIR; };
		D4F585F72A9CDBA900AA3856 /* AnimationUITests.swift */ = {isa = PBXFileReference; lastKnownFileType = sourcecode.swift; path = AnimationUITests.swift; sourceTree = "<group>"; };
		D4F585F92A9CDBA900AA3856 /* AnimationUITestsLaunchTests.swift */ = {isa = PBXFileReference; lastKnownFileType = sourcecode.swift; path = AnimationUITestsLaunchTests.swift; sourceTree = "<group>"; };
		D4F586082A9CDBE200AA3856 /* UIScreenExtension.swift */ = {isa = PBXFileReference; fileEncoding = 4; lastKnownFileType = sourcecode.swift; path = UIScreenExtension.swift; sourceTree = "<group>"; };
		D4F586092A9CDBE200AA3856 /* AnimationData.swift */ = {isa = PBXFileReference; fileEncoding = 4; lastKnownFileType = sourcecode.swift; path = AnimationData.swift; sourceTree = "<group>"; };
		D4F5860A2A9CDBE200AA3856 /* CustomToggle.swift */ = {isa = PBXFileReference; fileEncoding = 4; lastKnownFileType = sourcecode.swift; path = CustomToggle.swift; sourceTree = "<group>"; };
		D4F5860B2A9CDBE200AA3856 /* GlobalHelpers.swift */ = {isa = PBXFileReference; fileEncoding = 4; lastKnownFileType = sourcecode.swift; path = GlobalHelpers.swift; sourceTree = "<group>"; };
		D4F5860C2A9CDBE200AA3856 /* String+Additional.swift */ = {isa = PBXFileReference; fileEncoding = 4; lastKnownFileType = sourcecode.swift; path = "String+Additional.swift"; sourceTree = "<group>"; };
		D4F5860D2A9CDBE200AA3856 /* AnimationCell.swift */ = {isa = PBXFileReference; fileEncoding = 4; lastKnownFileType = sourcecode.swift; path = AnimationCell.swift; sourceTree = "<group>"; };
		D4F5860E2A9CDBE200AA3856 /* AnimationService.swift */ = {isa = PBXFileReference; fileEncoding = 4; lastKnownFileType = sourcecode.swift; path = AnimationService.swift; sourceTree = "<group>"; };
		D4F5860F2A9CDBE200AA3856 /* Color+Adittional.swift */ = {isa = PBXFileReference; fileEncoding = 4; lastKnownFileType = sourcecode.swift; path = "Color+Adittional.swift"; sourceTree = "<group>"; };
		D4F586102A9CDBE200AA3856 /* AnimationList.swift */ = {isa = PBXFileReference; fileEncoding = 4; lastKnownFileType = sourcecode.swift; path = AnimationList.swift; sourceTree = "<group>"; };
		D4F586112A9CDBE200AA3856 /* MockAnimationService.swift */ = {isa = PBXFileReference; fileEncoding = 4; lastKnownFileType = sourcecode.swift; path = MockAnimationService.swift; sourceTree = "<group>"; };
		D4F5861F2A9CDC2300AA3856 /* ProgressBar.swift */ = {isa = PBXFileReference; lastKnownFileType = sourcecode.swift; path = ProgressBar.swift; sourceTree = "<group>"; };
/* End PBXFileReference section */

/* Begin PBXFrameworksBuildPhase section */
		D4F585D62A9CDBA800AA3856 /* Frameworks */ = {
			isa = PBXFrameworksBuildPhase;
			buildActionMask = 2147483647;
			files = (
			);
			runOnlyForDeploymentPostprocessing = 0;
		};
		D4F585E62A9CDBA900AA3856 /* Frameworks */ = {
			isa = PBXFrameworksBuildPhase;
			buildActionMask = 2147483647;
			files = (
			);
			runOnlyForDeploymentPostprocessing = 0;
		};
		D4F585F02A9CDBA900AA3856 /* Frameworks */ = {
			isa = PBXFrameworksBuildPhase;
			buildActionMask = 2147483647;
			files = (
			);
			runOnlyForDeploymentPostprocessing = 0;
		};
/* End PBXFrameworksBuildPhase section */

/* Begin PBXGroup section */
		D46B1FCC2A9E2650004DB258 /* OrderButton */ = {
			isa = PBXGroup;
			children = (
				D46B1FCD2A9E265E004DB258 /* OrderButton.swift */,
			);
			path = OrderButton;
			sourceTree = "<group>";
		};
		D48643592A9F6C0800A052F8 /* Spinner */ = {
			isa = PBXGroup;
			children = (
				D486435A2A9F6C2400A052F8 /* Spinner.swift */,
			);
			path = Spinner;
			sourceTree = "<group>";
		};
		D4DE0CC42AA0E447004A6E00 /* AudioPlayerAnimation */ = {
			isa = PBXGroup;
			children = (
				D4DE0CC52AA0E456004A6E00 /* AudioPlayer.swift */,
			);
			path = AudioPlayerAnimation;
			sourceTree = "<group>";
		};
		D4F585D02A9CDBA800AA3856 = {
			isa = PBXGroup;
			children = (
				D4F585DB2A9CDBA800AA3856 /* Animation */,
				D4F585EC2A9CDBA900AA3856 /* AnimationTests */,
				D4F585F62A9CDBA900AA3856 /* AnimationUITests */,
				D4F585DA2A9CDBA800AA3856 /* Products */,
			);
			sourceTree = "<group>";
		};
		D4F585DA2A9CDBA800AA3856 /* Products */ = {
			isa = PBXGroup;
			children = (
				D4F585D92A9CDBA800AA3856 /* Animation.app */,
				D4F585E92A9CDBA900AA3856 /* AnimationTests.xctest */,
				D4F585F32A9CDBA900AA3856 /* AnimationUITests.xctest */,
			);
			name = Products;
			sourceTree = "<group>";
		};
		D4F585DB2A9CDBA800AA3856 /* Animation */ = {
			isa = PBXGroup;
			children = (
				D4F5861D2A9CDBEB00AA3856 /* AnimationView */,
				D4F586062A9CDBB800AA3856 /* ModelView */,
				D4F585DC2A9CDBA800AA3856 /* AnimationApp.swift */,
				D4F585DE2A9CDBA800AA3856 /* ContentView.swift */,
				D4F585E02A9CDBA900AA3856 /* Assets.xcassets */,
				D4F585E22A9CDBA900AA3856 /* Preview Content */,
			);
			path = Animation;
			sourceTree = "<group>";
		};
		D4F585E22A9CDBA900AA3856 /* Preview Content */ = {
			isa = PBXGroup;
			children = (
				D4F585E32A9CDBA900AA3856 /* Preview Assets.xcassets */,
			);
			path = "Preview Content";
			sourceTree = "<group>";
		};
		D4F585EC2A9CDBA900AA3856 /* AnimationTests */ = {
			isa = PBXGroup;
			children = (
				D4F585ED2A9CDBA900AA3856 /* AnimationTests.swift */,
			);
			path = AnimationTests;
			sourceTree = "<group>";
		};
		D4F585F62A9CDBA900AA3856 /* AnimationUITests */ = {
			isa = PBXGroup;
			children = (
				D4F585F72A9CDBA900AA3856 /* AnimationUITests.swift */,
				D4F585F92A9CDBA900AA3856 /* AnimationUITestsLaunchTests.swift */,
			);
			path = AnimationUITests;
			sourceTree = "<group>";
		};
		D4F586062A9CDBB800AA3856 /* ModelView */ = {
			isa = PBXGroup;
			children = (
				D4F5860D2A9CDBE200AA3856 /* AnimationCell.swift */,
				D4F586092A9CDBE200AA3856 /* AnimationData.swift */,
				D4F586102A9CDBE200AA3856 /* AnimationList.swift */,
				D4F5860E2A9CDBE200AA3856 /* AnimationService.swift */,
				D4F5860F2A9CDBE200AA3856 /* Color+Adittional.swift */,
				D4F5860A2A9CDBE200AA3856 /* CustomToggle.swift */,
				D4F5860B2A9CDBE200AA3856 /* GlobalHelpers.swift */,
				D4F586112A9CDBE200AA3856 /* MockAnimationService.swift */,
				D4F5860C2A9CDBE200AA3856 /* String+Additional.swift */,
				D4F586082A9CDBE200AA3856 /* UIScreenExtension.swift */,
			);
			path = ModelView;
			sourceTree = "<group>";
		};
		D4F5861D2A9CDBEB00AA3856 /* AnimationView */ = {
			isa = PBXGroup;
			children = (
				D4DE0CC42AA0E447004A6E00 /* AudioPlayerAnimation */,
				D48643592A9F6C0800A052F8 /* Spinner */,
				D46B1FCC2A9E2650004DB258 /* OrderButton */,
				D4F5861E2A9CDC0800AA3856 /* DownloadButton */,
			);
			path = AnimationView;
			sourceTree = "<group>";
		};
		D4F5861E2A9CDC0800AA3856 /* DownloadButton */ = {
			isa = PBXGroup;
			children = (
				D4F5861F2A9CDC2300AA3856 /* ProgressBar.swift */,
				D41846752A9E207A00DDD87A /* DownloadButton.swift */,
			);
			path = DownloadButton;
			sourceTree = "<group>";
		};
/* End PBXGroup section */

/* Begin PBXNativeTarget section */
		D4F585D82A9CDBA800AA3856 /* Animation */ = {
			isa = PBXNativeTarget;
			buildConfigurationList = D4F585FD2A9CDBA900AA3856 /* Build configuration list for PBXNativeTarget "Animation" */;
			buildPhases = (
				D4F585D52A9CDBA800AA3856 /* Sources */,
				D4F585D62A9CDBA800AA3856 /* Frameworks */,
				D4F585D72A9CDBA800AA3856 /* Resources */,
			);
			buildRules = (
			);
			dependencies = (
			);
			name = Animation;
			productName = Animation;
			productReference = D4F585D92A9CDBA800AA3856 /* Animation.app */;
			productType = "com.apple.product-type.application";
		};
		D4F585E82A9CDBA900AA3856 /* AnimationTests */ = {
			isa = PBXNativeTarget;
			buildConfigurationList = D4F586002A9CDBA900AA3856 /* Build configuration list for PBXNativeTarget "AnimationTests" */;
			buildPhases = (
				D4F585E52A9CDBA900AA3856 /* Sources */,
				D4F585E62A9CDBA900AA3856 /* Frameworks */,
				D4F585E72A9CDBA900AA3856 /* Resources */,
			);
			buildRules = (
			);
			dependencies = (
				D4F585EB2A9CDBA900AA3856 /* PBXTargetDependency */,
			);
			name = AnimationTests;
			productName = AnimationTests;
			productReference = D4F585E92A9CDBA900AA3856 /* AnimationTests.xctest */;
			productType = "com.apple.product-type.bundle.unit-test";
		};
		D4F585F22A9CDBA900AA3856 /* AnimationUITests */ = {
			isa = PBXNativeTarget;
			buildConfigurationList = D4F586032A9CDBA900AA3856 /* Build configuration list for PBXNativeTarget "AnimationUITests" */;
			buildPhases = (
				D4F585EF2A9CDBA900AA3856 /* Sources */,
				D4F585F02A9CDBA900AA3856 /* Frameworks */,
				D4F585F12A9CDBA900AA3856 /* Resources */,
			);
			buildRules = (
			);
			dependencies = (
				D4F585F52A9CDBA900AA3856 /* PBXTargetDependency */,
			);
			name = AnimationUITests;
			productName = AnimationUITests;
			productReference = D4F585F32A9CDBA900AA3856 /* AnimationUITests.xctest */;
			productType = "com.apple.product-type.bundle.ui-testing";
		};
/* End PBXNativeTarget section */

/* Begin PBXProject section */
		D4F585D12A9CDBA800AA3856 /* Project object */ = {
			isa = PBXProject;
			attributes = {
				BuildIndependentTargetsInParallel = 1;
				LastSwiftUpdateCheck = 1430;
				LastUpgradeCheck = 1430;
				TargetAttributes = {
					D4F585D82A9CDBA800AA3856 = {
						CreatedOnToolsVersion = 14.3.1;
					};
					D4F585E82A9CDBA900AA3856 = {
						CreatedOnToolsVersion = 14.3.1;
						TestTargetID = D4F585D82A9CDBA800AA3856;
					};
					D4F585F22A9CDBA900AA3856 = {
						CreatedOnToolsVersion = 14.3.1;
						TestTargetID = D4F585D82A9CDBA800AA3856;
					};
				};
			};
			buildConfigurationList = D4F585D42A9CDBA800AA3856 /* Build configuration list for PBXProject "Animation" */;
			compatibilityVersion = "Xcode 14.0";
			developmentRegion = en;
			hasScannedForEncodings = 0;
			knownRegions = (
				en,
				Base,
			);
			mainGroup = D4F585D02A9CDBA800AA3856;
			productRefGroup = D4F585DA2A9CDBA800AA3856 /* Products */;
			projectDirPath = "";
			projectRoot = "";
			targets = (
				D4F585D82A9CDBA800AA3856 /* Animation */,
				D4F585E82A9CDBA900AA3856 /* AnimationTests */,
				D4F585F22A9CDBA900AA3856 /* AnimationUITests */,
			);
		};
/* End PBXProject section */

/* Begin PBXResourcesBuildPhase section */
		D4F585D72A9CDBA800AA3856 /* Resources */ = {
			isa = PBXResourcesBuildPhase;
			buildActionMask = 2147483647;
			files = (
				D4F585E42A9CDBA900AA3856 /* Preview Assets.xcassets in Resources */,
				D4F585E12A9CDBA900AA3856 /* Assets.xcassets in Resources */,
			);
			runOnlyForDeploymentPostprocessing = 0;
		};
		D4F585E72A9CDBA900AA3856 /* Resources */ = {
			isa = PBXResourcesBuildPhase;
			buildActionMask = 2147483647;
			files = (
			);
			runOnlyForDeploymentPostprocessing = 0;
		};
		D4F585F12A9CDBA900AA3856 /* Resources */ = {
			isa = PBXResourcesBuildPhase;
			buildActionMask = 2147483647;
			files = (
			);
			runOnlyForDeploymentPostprocessing = 0;
		};
/* End PBXResourcesBuildPhase section */

/* Begin PBXSourcesBuildPhase section */
		D4F585D52A9CDBA800AA3856 /* Sources */ = {
			isa = PBXSourcesBuildPhase;
			buildActionMask = 2147483647;
			files = (
				D4F586152A9CDBE200AA3856 /* CustomToggle.swift in Sources */,
				D4F5861C2A9CDBE200AA3856 /* MockAnimationService.swift in Sources */,
				D4F586162A9CDBE200AA3856 /* GlobalHelpers.swift in Sources */,
				D4F5861A2A9CDBE200AA3856 /* Color+Adittional.swift in Sources */,
				D4F585DF2A9CDBA800AA3856 /* ContentView.swift in Sources */,
				D41846762A9E207A00DDD87A /* DownloadButton.swift in Sources */,
				D4F586182A9CDBE200AA3856 /* AnimationCell.swift in Sources */,
				D486435B2A9F6C2400A052F8 /* Spinner.swift in Sources */,
				D4F586202A9CDC2300AA3856 /* ProgressBar.swift in Sources */,
				D4F586192A9CDBE200AA3856 /* AnimationService.swift in Sources */,
				D4DE0CC62AA0E456004A6E00 /* AudioPlayer.swift in Sources */,
				D4F5861B2A9CDBE200AA3856 /* AnimationList.swift in Sources */,
				D4F586142A9CDBE200AA3856 /* AnimationData.swift in Sources */,
				D4F586132A9CDBE200AA3856 /* UIScreenExtension.swift in Sources */,
				D4F586172A9CDBE200AA3856 /* String+Additional.swift in Sources */,
				D46B1FCE2A9E265E004DB258 /* OrderButton.swift in Sources */,
				D4F585DD2A9CDBA800AA3856 /* AnimationApp.swift in Sources */,
			);
			runOnlyForDeploymentPostprocessing = 0;
		};
		D4F585E52A9CDBA900AA3856 /* Sources */ = {
			isa = PBXSourcesBuildPhase;
			buildActionMask = 2147483647;
			files = (
				D4F585EE2A9CDBA900AA3856 /* AnimationTests.swift in Sources */,
			);
			runOnlyForDeploymentPostprocessing = 0;
		};
		D4F585EF2A9CDBA900AA3856 /* Sources */ = {
			isa = PBXSourcesBuildPhase;
			buildActionMask = 2147483647;
			files = (
				D4F585F82A9CDBA900AA3856 /* AnimationUITests.swift in Sources */,
				D4F585FA2A9CDBA900AA3856 /* AnimationUITestsLaunchTests.swift in Sources */,
			);
			runOnlyForDeploymentPostprocessing = 0;
		};
/* End PBXSourcesBuildPhase section */

/* Begin PBXTargetDependency section */
		D4F585EB2A9CDBA900AA3856 /* PBXTargetDependency */ = {
			isa = PBXTargetDependency;
			target = D4F585D82A9CDBA800AA3856 /* Animation */;
			targetProxy = D4F585EA2A9CDBA900AA3856 /* PBXContainerItemProxy */;
		};
		D4F585F52A9CDBA900AA3856 /* PBXTargetDependency */ = {
			isa = PBXTargetDependency;
			target = D4F585D82A9CDBA800AA3856 /* Animation */;
			targetProxy = D4F585F42A9CDBA900AA3856 /* PBXContainerItemProxy */;
		};
/* End PBXTargetDependency section */

/* Begin XCBuildConfiguration section */
		D4F585FB2A9CDBA900AA3856 /* Debug */ = {
			isa = XCBuildConfiguration;
			buildSettings = {
				ALWAYS_SEARCH_USER_PATHS = NO;
				CLANG_ANALYZER_NONNULL = YES;
				CLANG_ANALYZER_NUMBER_OBJECT_CONVERSION = YES_AGGRESSIVE;
				CLANG_CXX_LANGUAGE_STANDARD = "gnu++20";
				CLANG_ENABLE_MODULES = YES;
				CLANG_ENABLE_OBJC_ARC = YES;
				CLANG_ENABLE_OBJC_WEAK = YES;
				CLANG_WARN_BLOCK_CAPTURE_AUTORELEASING = YES;
				CLANG_WARN_BOOL_CONVERSION = YES;
				CLANG_WARN_COMMA = YES;
				CLANG_WARN_CONSTANT_CONVERSION = YES;
				CLANG_WARN_DEPRECATED_OBJC_IMPLEMENTATIONS = YES;
				CLANG_WARN_DIRECT_OBJC_ISA_USAGE = YES_ERROR;
				CLANG_WARN_DOCUMENTATION_COMMENTS = YES;
				CLANG_WARN_EMPTY_BODY = YES;
				CLANG_WARN_ENUM_CONVERSION = YES;
				CLANG_WARN_INFINITE_RECURSION = YES;
				CLANG_WARN_INT_CONVERSION = YES;
				CLANG_WARN_NON_LITERAL_NULL_CONVERSION = YES;
				CLANG_WARN_OBJC_IMPLICIT_RETAIN_SELF = YES;
				CLANG_WARN_OBJC_LITERAL_CONVERSION = YES;
				CLANG_WARN_OBJC_ROOT_CLASS = YES_ERROR;
				CLANG_WARN_QUOTED_INCLUDE_IN_FRAMEWORK_HEADER = YES;
				CLANG_WARN_RANGE_LOOP_ANALYSIS = YES;
				CLANG_WARN_STRICT_PROTOTYPES = YES;
				CLANG_WARN_SUSPICIOUS_MOVE = YES;
				CLANG_WARN_UNGUARDED_AVAILABILITY = YES_AGGRESSIVE;
				CLANG_WARN_UNREACHABLE_CODE = YES;
				CLANG_WARN__DUPLICATE_METHOD_MATCH = YES;
				COPY_PHASE_STRIP = NO;
				DEBUG_INFORMATION_FORMAT = dwarf;
				ENABLE_STRICT_OBJC_MSGSEND = YES;
				ENABLE_TESTABILITY = YES;
				GCC_C_LANGUAGE_STANDARD = gnu11;
				GCC_DYNAMIC_NO_PIC = NO;
				GCC_NO_COMMON_BLOCKS = YES;
				GCC_OPTIMIZATION_LEVEL = 0;
				GCC_PREPROCESSOR_DEFINITIONS = (
					"DEBUG=1",
					"$(inherited)",
				);
				GCC_WARN_64_TO_32_BIT_CONVERSION = YES;
				GCC_WARN_ABOUT_RETURN_TYPE = YES_ERROR;
				GCC_WARN_UNDECLARED_SELECTOR = YES;
				GCC_WARN_UNINITIALIZED_AUTOS = YES_AGGRESSIVE;
				GCC_WARN_UNUSED_FUNCTION = YES;
				GCC_WARN_UNUSED_VARIABLE = YES;
				IPHONEOS_DEPLOYMENT_TARGET = 16.4;
				MTL_ENABLE_DEBUG_INFO = INCLUDE_SOURCE;
				MTL_FAST_MATH = YES;
				ONLY_ACTIVE_ARCH = YES;
				SDKROOT = iphoneos;
				SWIFT_ACTIVE_COMPILATION_CONDITIONS = DEBUG;
				SWIFT_OPTIMIZATION_LEVEL = "-Onone";
			};
			name = Debug;
		};
		D4F585FC2A9CDBA900AA3856 /* Release */ = {
			isa = XCBuildConfiguration;
			buildSettings = {
				ALWAYS_SEARCH_USER_PATHS = NO;
				CLANG_ANALYZER_NONNULL = YES;
				CLANG_ANALYZER_NUMBER_OBJECT_CONVERSION = YES_AGGRESSIVE;
				CLANG_CXX_LANGUAGE_STANDARD = "gnu++20";
				CLANG_ENABLE_MODULES = YES;
				CLANG_ENABLE_OBJC_ARC = YES;
				CLANG_ENABLE_OBJC_WEAK = YES;
				CLANG_WARN_BLOCK_CAPTURE_AUTORELEASING = YES;
				CLANG_WARN_BOOL_CONVERSION = YES;
				CLANG_WARN_COMMA = YES;
				CLANG_WARN_CONSTANT_CONVERSION = YES;
				CLANG_WARN_DEPRECATED_OBJC_IMPLEMENTATIONS = YES;
				CLANG_WARN_DIRECT_OBJC_ISA_USAGE = YES_ERROR;
				CLANG_WARN_DOCUMENTATION_COMMENTS = YES;
				CLANG_WARN_EMPTY_BODY = YES;
				CLANG_WARN_ENUM_CONVERSION = YES;
				CLANG_WARN_INFINITE_RECURSION = YES;
				CLANG_WARN_INT_CONVERSION = YES;
				CLANG_WARN_NON_LITERAL_NULL_CONVERSION = YES;
				CLANG_WARN_OBJC_IMPLICIT_RETAIN_SELF = YES;
				CLANG_WARN_OBJC_LITERAL_CONVERSION = YES;
				CLANG_WARN_OBJC_ROOT_CLASS = YES_ERROR;
				CLANG_WARN_QUOTED_INCLUDE_IN_FRAMEWORK_HEADER = YES;
				CLANG_WARN_RANGE_LOOP_ANALYSIS = YES;
				CLANG_WARN_STRICT_PROTOTYPES = YES;
				CLANG_WARN_SUSPICIOUS_MOVE = YES;
				CLANG_WARN_UNGUARDED_AVAILABILITY = YES_AGGRESSIVE;
				CLANG_WARN_UNREACHABLE_CODE = YES;
				CLANG_WARN__DUPLICATE_METHOD_MATCH = YES;
				COPY_PHASE_STRIP = NO;
				DEBUG_INFORMATION_FORMAT = "dwarf-with-dsym";
				ENABLE_NS_ASSERTIONS = NO;
				ENABLE_STRICT_OBJC_MSGSEND = YES;
				GCC_C_LANGUAGE_STANDARD = gnu11;
				GCC_NO_COMMON_BLOCKS = YES;
				GCC_WARN_64_TO_32_BIT_CONVERSION = YES;
				GCC_WARN_ABOUT_RETURN_TYPE = YES_ERROR;
				GCC_WARN_UNDECLARED_SELECTOR = YES;
				GCC_WARN_UNINITIALIZED_AUTOS = YES_AGGRESSIVE;
				GCC_WARN_UNUSED_FUNCTION = YES;
				GCC_WARN_UNUSED_VARIABLE = YES;
				IPHONEOS_DEPLOYMENT_TARGET = 16.4;
				MTL_ENABLE_DEBUG_INFO = NO;
				MTL_FAST_MATH = YES;
				SDKROOT = iphoneos;
				SWIFT_COMPILATION_MODE = wholemodule;
				SWIFT_OPTIMIZATION_LEVEL = "-O";
				VALIDATE_PRODUCT = YES;
			};
			name = Release;
		};
		D4F585FE2A9CDBA900AA3856 /* Debug */ = {
			isa = XCBuildConfiguration;
			buildSettings = {
				ASSETCATALOG_COMPILER_APPICON_NAME = AppIcon;
				ASSETCATALOG_COMPILER_GLOBAL_ACCENT_COLOR_NAME = AccentColor;
				CODE_SIGN_STYLE = Automatic;
				CURRENT_PROJECT_VERSION = 1;
				DEVELOPMENT_ASSET_PATHS = "\"Animation/Preview Content\"";
				ENABLE_PREVIEWS = YES;
				GENERATE_INFOPLIST_FILE = YES;
				INFOPLIST_KEY_UIApplicationSceneManifest_Generation = YES;
				INFOPLIST_KEY_UIApplicationSupportsIndirectInputEvents = YES;
				INFOPLIST_KEY_UILaunchScreen_Generation = YES;
				INFOPLIST_KEY_UISupportedInterfaceOrientations_iPad = "UIInterfaceOrientationPortrait UIInterfaceOrientationPortraitUpsideDown UIInterfaceOrientationLandscapeLeft UIInterfaceOrientationLandscapeRight";
				INFOPLIST_KEY_UISupportedInterfaceOrientations_iPhone = "UIInterfaceOrientationPortrait UIInterfaceOrientationLandscapeLeft UIInterfaceOrientationLandscapeRight";
				LD_RUNPATH_SEARCH_PATHS = (
					"$(inherited)",
					"@executable_path/Frameworks",
				);
				MARKETING_VERSION = 1.0;
				PRODUCT_BUNDLE_IDENTIFIER = eyh.com.Animation;
				PRODUCT_NAME = "$(TARGET_NAME)";
				SWIFT_EMIT_LOC_STRINGS = YES;
				SWIFT_VERSION = 5.0;
				TARGETED_DEVICE_FAMILY = "1,2";
			};
			name = Debug;
		};
		D4F585FF2A9CDBA900AA3856 /* Release */ = {
			isa = XCBuildConfiguration;
			buildSettings = {
				ASSETCATALOG_COMPILER_APPICON_NAME = AppIcon;
				ASSETCATALOG_COMPILER_GLOBAL_ACCENT_COLOR_NAME = AccentColor;
				CODE_SIGN_STYLE = Automatic;
				CURRENT_PROJECT_VERSION = 1;
				DEVELOPMENT_ASSET_PATHS = "\"Animation/Preview Content\"";
				ENABLE_PREVIEWS = YES;
				GENERATE_INFOPLIST_FILE = YES;
				INFOPLIST_KEY_UIApplicationSceneManifest_Generation = YES;
				INFOPLIST_KEY_UIApplicationSupportsIndirectInputEvents = YES;
				INFOPLIST_KEY_UILaunchScreen_Generation = YES;
				INFOPLIST_KEY_UISupportedInterfaceOrientations_iPad = "UIInterfaceOrientationPortrait UIInterfaceOrientationPortraitUpsideDown UIInterfaceOrientationLandscapeLeft UIInterfaceOrientationLandscapeRight";
				INFOPLIST_KEY_UISupportedInterfaceOrientations_iPhone = "UIInterfaceOrientationPortrait UIInterfaceOrientationLandscapeLeft UIInterfaceOrientationLandscapeRight";
				LD_RUNPATH_SEARCH_PATHS = (
					"$(inherited)",
					"@executable_path/Frameworks",
				);
				MARKETING_VERSION = 1.0;
				PRODUCT_BUNDLE_IDENTIFIER = eyh.com.Animation;
				PRODUCT_NAME = "$(TARGET_NAME)";
				SWIFT_EMIT_LOC_STRINGS = YES;
				SWIFT_VERSION = 5.0;
				TARGETED_DEVICE_FAMILY = "1,2";
			};
			name = Release;
		};
		D4F586012A9CDBA900AA3856 /* Debug */ = {
			isa = XCBuildConfiguration;
			buildSettings = {
				ALWAYS_EMBED_SWIFT_STANDARD_LIBRARIES = YES;
				BUNDLE_LOADER = "$(TEST_HOST)";
				CODE_SIGN_STYLE = Automatic;
				CURRENT_PROJECT_VERSION = 1;
				GENERATE_INFOPLIST_FILE = YES;
				IPHONEOS_DEPLOYMENT_TARGET = 16.4;
				MARKETING_VERSION = 1.0;
				PRODUCT_BUNDLE_IDENTIFIER = eyh.com.AnimationTests;
				PRODUCT_NAME = "$(TARGET_NAME)";
				SWIFT_EMIT_LOC_STRINGS = NO;
				SWIFT_VERSION = 5.0;
				TARGETED_DEVICE_FAMILY = "1,2";
				TEST_HOST = "$(BUILT_PRODUCTS_DIR)/Animation.app/$(BUNDLE_EXECUTABLE_FOLDER_PATH)/Animation";
			};
			name = Debug;
		};
		D4F586022A9CDBA900AA3856 /* Release */ = {
			isa = XCBuildConfiguration;
			buildSettings = {
				ALWAYS_EMBED_SWIFT_STANDARD_LIBRARIES = YES;
				BUNDLE_LOADER = "$(TEST_HOST)";
				CODE_SIGN_STYLE = Automatic;
				CURRENT_PROJECT_VERSION = 1;
				GENERATE_INFOPLIST_FILE = YES;
				IPHONEOS_DEPLOYMENT_TARGET = 16.4;
				MARKETING_VERSION = 1.0;
				PRODUCT_BUNDLE_IDENTIFIER = eyh.com.AnimationTests;
				PRODUCT_NAME = "$(TARGET_NAME)";
				SWIFT_EMIT_LOC_STRINGS = NO;
				SWIFT_VERSION = 5.0;
				TARGETED_DEVICE_FAMILY = "1,2";
				TEST_HOST = "$(BUILT_PRODUCTS_DIR)/Animation.app/$(BUNDLE_EXECUTABLE_FOLDER_PATH)/Animation";
			};
			name = Release;
		};
		D4F586042A9CDBA900AA3856 /* Debug */ = {
			isa = XCBuildConfiguration;
			buildSettings = {
				ALWAYS_EMBED_SWIFT_STANDARD_LIBRARIES = YES;
				CODE_SIGN_STYLE = Automatic;
				CURRENT_PROJECT_VERSION = 1;
				GENERATE_INFOPLIST_FILE = YES;
				MARKETING_VERSION = 1.0;
				PRODUCT_BUNDLE_IDENTIFIER = eyh.com.AnimationUITests;
				PRODUCT_NAME = "$(TARGET_NAME)";
				SWIFT_EMIT_LOC_STRINGS = NO;
				SWIFT_VERSION = 5.0;
				TARGETED_DEVICE_FAMILY = "1,2";
				TEST_TARGET_NAME = Animation;
			};
			name = Debug;
		};
		D4F586052A9CDBA900AA3856 /* Release */ = {
			isa = XCBuildConfiguration;
			buildSettings = {
				ALWAYS_EMBED_SWIFT_STANDARD_LIBRARIES = YES;
				CODE_SIGN_STYLE = Automatic;
				CURRENT_PROJECT_VERSION = 1;
				GENERATE_INFOPLIST_FILE = YES;
				MARKETING_VERSION = 1.0;
				PRODUCT_BUNDLE_IDENTIFIER = eyh.com.AnimationUITests;
				PRODUCT_NAME = "$(TARGET_NAME)";
				SWIFT_EMIT_LOC_STRINGS = NO;
				SWIFT_VERSION = 5.0;
				TARGETED_DEVICE_FAMILY = "1,2";
				TEST_TARGET_NAME = Animation;
			};
			name = Release;
		};
/* End XCBuildConfiguration section */

/* Begin XCConfigurationList section */
		D4F585D42A9CDBA800AA3856 /* Build configuration list for PBXProject "Animation" */ = {
			isa = XCConfigurationList;
			buildConfigurations = (
				D4F585FB2A9CDBA900AA3856 /* Debug */,
				D4F585FC2A9CDBA900AA3856 /* Release */,
			);
			defaultConfigurationIsVisible = 0;
			defaultConfigurationName = Release;
		};
		D4F585FD2A9CDBA900AA3856 /* Build configuration list for PBXNativeTarget "Animation" */ = {
			isa = XCConfigurationList;
			buildConfigurations = (
				D4F585FE2A9CDBA900AA3856 /* Debug */,
				D4F585FF2A9CDBA900AA3856 /* Release */,
			);
			defaultConfigurationIsVisible = 0;
			defaultConfigurationName = Release;
		};
		D4F586002A9CDBA900AA3856 /* Build configuration list for PBXNativeTarget "AnimationTests" */ = {
			isa = XCConfigurationList;
			buildConfigurations = (
				D4F586012A9CDBA900AA3856 /* Debug */,
				D4F586022A9CDBA900AA3856 /* Release */,
			);
			defaultConfigurationIsVisible = 0;
			defaultConfigurationName = Release;
		};
		D4F586032A9CDBA900AA3856 /* Build configuration list for PBXNativeTarget "AnimationUITests" */ = {
			isa = XCConfigurationList;
			buildConfigurations = (
				D4F586042A9CDBA900AA3856 /* Debug */,
				D4F586052A9CDBA900AA3856 /* Release */,
			);
			defaultConfigurationIsVisible = 0;
			defaultConfigurationName = Release;
		};
/* End XCConfigurationList section */
	};
	rootObject = D4F585D12A9CDBA800AA3856 /* Project object */;
}
